
Microsoft Visual Studio Solution File, Format Version 12.00
# Visual Studio Version 17
VisualStudioVersion = 17.5.001.0
MinimumVisualStudioVersion = 10.0.40219.1
Project("{9A19103F-16F7-4668-BE54-9A1E7A4F7556}") = "pix", "pix.csproj", "{5ED7E3D7-44E9-406E-8088-BE0D93AD8DA8}"
EndProject
Global
	GlobalSection(SolutionConfigurationPlatforms) = preSolution
		Debug|Any CPU = Debug|Any CPU
		Release|Any CPU = Release|Any CPU
	EndGlobalSection
	GlobalSection(ProjectConfigurationPlatforms) = postSolution
		{5ED7E3D7-44E9-406E-8088-BE0D93AD8DA8}.Debug|Any CPU.ActiveCfg = Debug|Any CPU
		{5ED7E3D7-44E9-406E-8088-BE0D93AD8DA8}.Debug|Any CPU.Build.0 = Debug|Any CPU
		{5ED7E3D7-44E9-406E-8088-BE0D93AD8DA8}.Release|Any CPU.ActiveCfg = Release|Any CPU
		{5ED7E3D7-44E9-406E-8088-BE0D93AD8DA8}.Release|Any CPU.Build.0 = Release|Any CPU
	EndGlobalSection
	GlobalSection(SolutionProperties) = preSolution
		HideSolutionNode = FALSE
	EndGlobalSection
	GlobalSection(ExtensibilityGlobals) = postSolution
		SolutionGuid = {3A85C699-6AAE-4C0F-9065-9D99174B3E78}
	EndGlobalSection
EndGlobal
